// !$*UTF8*$!
{
	archiveVersion = 1;
	classes = {
	};
	objectVersion = 46;
	objects = {

/* Begin PBXBuildFile section */
		A2B0C1D618C7BEE200848AA1 /* Foundation.framework in Frameworks */ = {isa = PBXBuildFile; fileRef = A2B0C1D518C7BEE200848AA1 /* Foundation.framework */; };
		A2B0C1D818C7BEE200848AA1 /* CoreGraphics.framework in Frameworks */ = {isa = PBXBuildFile; fileRef = A2B0C1D718C7BEE200848AA1 /* CoreGraphics.framework */; };
		A2B0C1DA18C7BEE200848AA1 /* UIKit.framework in Frameworks */ = {isa = PBXBuildFile; fileRef = A2B0C1D918C7BEE200848AA1 /* UIKit.framework */; };
		A2B0C1E018C7BEE200848AA1 /* InfoPlist.strings in Resources */ = {isa = PBXBuildFile; fileRef = A2B0C1DE18C7BEE200848AA1 /* InfoPlist.strings */; };
		A2B0C1E218C7BEE200848AA1 /* main.m in Sources */ = {isa = PBXBuildFile; fileRef = A2B0C1E118C7BEE200848AA1 /* main.m */; };
		A2B0C1E618C7BEE200848AA1 /* RayTAppDelegate.m in Sources */ = {isa = PBXBuildFile; fileRef = A2B0C1E518C7BEE200848AA1 /* RayTAppDelegate.m */; };
		A2B0C1E918C7BEE200848AA1 /* Main.storyboard in Resources */ = {isa = PBXBuildFile; fileRef = A2B0C1E718C7BEE200848AA1 /* Main.storyboard */; };
		A2B0C1EC18C7BEE200848AA1 /* RayTViewController.m in Sources */ = {isa = PBXBuildFile; fileRef = A2B0C1EB18C7BEE200848AA1 /* RayTViewController.m */; };
		A2B0C1EE18C7BEE200848AA1 /* Images.xcassets in Resources */ = {isa = PBXBuildFile; fileRef = A2B0C1ED18C7BEE200848AA1 /* Images.xcassets */; };
		A2B0C1F518C7BEE200848AA1 /* XCTest.framework in Frameworks */ = {isa = PBXBuildFile; fileRef = A2B0C1F418C7BEE200848AA1 /* XCTest.framework */; };
		A2B0C1F618C7BEE200848AA1 /* Foundation.framework in Frameworks */ = {isa = PBXBuildFile; fileRef = A2B0C1D518C7BEE200848AA1 /* Foundation.framework */; };
		A2B0C1F718C7BEE200848AA1 /* UIKit.framework in Frameworks */ = {isa = PBXBuildFile; fileRef = A2B0C1D918C7BEE200848AA1 /* UIKit.framework */; };
		A2B0C1FF18C7BEE200848AA1 /* InfoPlist.strings in Resources */ = {isa = PBXBuildFile; fileRef = A2B0C1FD18C7BEE200848AA1 /* InfoPlist.strings */; };
		A2B0C20118C7BEE200848AA1 /* GithubTTests.m in Sources */ = {isa = PBXBuildFile; fileRef = A2B0C20018C7BEE200848AA1 /* GithubTTests.m */; };
/* End PBXBuildFile section */

/* Begin PBXContainerItemProxy section */
		A2B0C1F818C7BEE200848AA1 /* PBXContainerItemProxy */ = {
			isa = PBXContainerItemProxy;
			containerPortal = A2B0C1CA18C7BEE200848AA1 /* Project object */;
			proxyType = 1;
			remoteGlobalIDString = A2B0C1D118C7BEE200848AA1;
			remoteInfo = GithubT;
		};
/* End PBXContainerItemProxy section */

/* Begin PBXFileReference section */
		A2B0C1D218C7BEE200848AA1 /* GithubT.app */ = {isa = PBXFileReference; explicitFileType = wrapper.application; includeInIndex = 0; path = GithubT.app; sourceTree = BUILT_PRODUCTS_DIR; };
		A2B0C1D518C7BEE200848AA1 /* Foundation.framework */ = {isa = PBXFileReference; lastKnownFileType = wrapper.framework; name = Foundation.framework; path = System/Library/Frameworks/Foundation.framework; sourceTree = SDKROOT; };
		A2B0C1D718C7BEE200848AA1 /* CoreGraphics.framework */ = {isa = PBXFileReference; lastKnownFileType = wrapper.framework; name = CoreGraphics.framework; path = System/Library/Frameworks/CoreGraphics.framework; sourceTree = SDKROOT; };
		A2B0C1D918C7BEE200848AA1 /* UIKit.framework */ = {isa = PBXFileReference; lastKnownFileType = wrapper.framework; name = UIKit.framework; path = System/Library/Frameworks/UIKit.framework; sourceTree = SDKROOT; };
		A2B0C1DD18C7BEE200848AA1 /* GithubT-Info.plist */ = {isa = PBXFileReference; lastKnownFileType = text.plist.xml; path = "GithubT-Info.plist"; sourceTree = "<group>"; };
		A2B0C1DF18C7BEE200848AA1 /* en */ = {isa = PBXFileReference; lastKnownFileType = text.plist.strings; name = en; path = en.lproj/InfoPlist.strings; sourceTree = "<group>"; };
		A2B0C1E118C7BEE200848AA1 /* main.m */ = {isa = PBXFileReference; lastKnownFileType = sourcecode.c.objc; path = main.m; sourceTree = "<group>"; };
		A2B0C1E318C7BEE200848AA1 /* GithubT-Prefix.pch */ = {isa = PBXFileReference; lastKnownFileType = sourcecode.c.h; path = "GithubT-Prefix.pch"; sourceTree = "<group>"; };
		A2B0C1E418C7BEE200848AA1 /* RayTAppDelegate.h */ = {isa = PBXFileReference; lastKnownFileType = sourcecode.c.h; path = RayTAppDelegate.h; sourceTree = "<group>"; };
		A2B0C1E518C7BEE200848AA1 /* RayTAppDelegate.m */ = {isa = PBXFileReference; lastKnownFileType = sourcecode.c.objc; path = RayTAppDelegate.m; sourceTree = "<group>"; };
		A2B0C1E818C7BEE200848AA1 /* Base */ = {isa = PBXFileReference; lastKnownFileType = file.storyboard; name = Base; path = Base.lproj/Main.storyboard; sourceTree = "<group>"; };
		A2B0C1EA18C7BEE200848AA1 /* RayTViewController.h */ = {isa = PBXFileReference; lastKnownFileType = sourcecode.c.h; path = RayTViewController.h; sourceTree = "<group>"; };
		A2B0C1EB18C7BEE200848AA1 /* RayTViewController.m */ = {isa = PBXFileReference; lastKnownFileType = sourcecode.c.objc; path = RayTViewController.m; sourceTree = "<group>"; };
		A2B0C1ED18C7BEE200848AA1 /* Images.xcassets */ = {isa = PBXFileReference; lastKnownFileType = folder.assetcatalog; path = Images.xcassets; sourceTree = "<group>"; };
		A2B0C1F318C7BEE200848AA1 /* GithubTTests.xctest */ = {isa = PBXFileReference; explicitFileType = wrapper.cfbundle; includeInIndex = 0; path = GithubTTests.xctest; sourceTree = BUILT_PRODUCTS_DIR; };
		A2B0C1F418C7BEE200848AA1 /* XCTest.framework */ = {isa = PBXFileReference; lastKnownFileType = wrapper.framework; name = XCTest.framework; path = Library/Frameworks/XCTest.framework; sourceTree = DEVELOPER_DIR; };
		A2B0C1FC18C7BEE200848AA1 /* GithubTTests-Info.plist */ = {isa = PBXFileReference; lastKnownFileType = text.plist.xml; path = "GithubTTests-Info.plist"; sourceTree = "<group>"; };
		A2B0C1FE18C7BEE200848AA1 /* en */ = {isa = PBXFileReference; lastKnownFileType = text.plist.strings; name = en; path = en.lproj/InfoPlist.strings; sourceTree = "<group>"; };
		A2B0C20018C7BEE200848AA1 /* GithubTTests.m */ = {isa = PBXFileReference; lastKnownFileType = sourcecode.c.objc; path = GithubTTests.m; sourceTree = "<group>"; };
/* End PBXFileReference section */

/* Begin PBXFrameworksBuildPhase section */
		A2B0C1CF18C7BEE200848AA1 /* Frameworks */ = {
			isa = PBXFrameworksBuildPhase;
			buildActionMask = 2147483647;
			files = (
				A2B0C1D818C7BEE200848AA1 /* CoreGraphics.framework in Frameworks */,
				A2B0C1DA18C7BEE200848AA1 /* UIKit.framework in Frameworks */,
				A2B0C1D618C7BEE200848AA1 /* Foundation.framework in Frameworks */,
			);
			runOnlyForDeploymentPostprocessing = 0;
		};
		A2B0C1F018C7BEE200848AA1 /* Frameworks */ = {
			isa = PBXFrameworksBuildPhase;
			buildActionMask = 2147483647;
			files = (
				A2B0C1F518C7BEE200848AA1 /* XCTest.framework in Frameworks */,
				A2B0C1F718C7BEE200848AA1 /* UIKit.framework in Frameworks */,
				A2B0C1F618C7BEE200848AA1 /* Foundation.framework in Frameworks */,
			);
			runOnlyForDeploymentPostprocessing = 0;
		};
/* End PBXFrameworksBuildPhase section */

/* Begin PBXGroup section */
		A2B0C1C918C7BEE200848AA1 = {
			isa = PBXGroup;
			children = (
				A2B0C1DB18C7BEE200848AA1 /* GithubT */,
				A2B0C1FA18C7BEE200848AA1 /* GithubTTests */,
				A2B0C1D418C7BEE200848AA1 /* Frameworks */,
				A2B0C1D318C7BEE200848AA1 /* Products */,
			);
			sourceTree = "<group>";
		};
		A2B0C1D318C7BEE200848AA1 /* Products */ = {
			isa = PBXGroup;
			children = (
				A2B0C1D218C7BEE200848AA1 /* GithubT.app */,
				A2B0C1F318C7BEE200848AA1 /* GithubTTests.xctest */,
			);
			name = Products;
			sourceTree = "<group>";
		};
		A2B0C1D418C7BEE200848AA1 /* Frameworks */ = {
			isa = PBXGroup;
			children = (
				A2B0C1D518C7BEE200848AA1 /* Foundation.framework */,
				A2B0C1D718C7BEE200848AA1 /* CoreGraphics.framework */,
				A2B0C1D918C7BEE200848AA1 /* UIKit.framework */,
				A2B0C1F418C7BEE200848AA1 /* XCTest.framework */,
			);
			name = Frameworks;
			sourceTree = "<group>";
		};
		A2B0C1DB18C7BEE200848AA1 /* GithubT */ = {
			isa = PBXGroup;
			children = (
				A2B0C1E418C7BEE200848AA1 /* RayTAppDelegate.h */,
				A2B0C1E518C7BEE200848AA1 /* RayTAppDelegate.m */,
				A2B0C1E718C7BEE200848AA1 /* Main.storyboard */,
				A2B0C1EA18C7BEE200848AA1 /* RayTViewController.h */,
				A2B0C1EB18C7BEE200848AA1 /* RayTViewController.m */,
				A2B0C1ED18C7BEE200848AA1 /* Images.xcassets */,
				A2B0C1DC18C7BEE200848AA1 /* Supporting Files */,
			);
			path = GithubT;
			sourceTree = "<group>";
		};
		A2B0C1DC18C7BEE200848AA1 /* Supporting Files */ = {
			isa = PBXGroup;
			children = (
				A2B0C1DD18C7BEE200848AA1 /* GithubT-Info.plist */,
				A2B0C1DE18C7BEE200848AA1 /* InfoPlist.strings */,
				A2B0C1E118C7BEE200848AA1 /* main.m */,
				A2B0C1E318C7BEE200848AA1 /* GithubT-Prefix.pch */,
			);
			name = "Supporting Files";
			sourceTree = "<group>";
		};
		A2B0C1FA18C7BEE200848AA1 /* GithubTTests */ = {
			isa = PBXGroup;
			children = (
				A2B0C20018C7BEE200848AA1 /* GithubTTests.m */,
				A2B0C1FB18C7BEE200848AA1 /* Supporting Files */,
			);
			path = GithubTTests;
			sourceTree = "<group>";
		};
		A2B0C1FB18C7BEE200848AA1 /* Supporting Files */ = {
			isa = PBXGroup;
			children = (
				A2B0C1FC18C7BEE200848AA1 /* GithubTTests-Info.plist */,
				A2B0C1FD18C7BEE200848AA1 /* InfoPlist.strings */,
			);
			name = "Supporting Files";
			sourceTree = "<group>";
		};
/* End PBXGroup section */

/* Begin PBXNativeTarget section */
		A2B0C1D118C7BEE200848AA1 /* GithubT */ = {
			isa = PBXNativeTarget;
			buildConfigurationList = A2B0C20418C7BEE200848AA1 /* Build configuration list for PBXNativeTarget "GithubT" */;
			buildPhases = (
				A2B0C1CE18C7BEE200848AA1 /* Sources */,
				A2B0C1CF18C7BEE200848AA1 /* Frameworks */,
				A2B0C1D018C7BEE200848AA1 /* Resources */,
			);
			buildRules = (
			);
			dependencies = (
			);
			name = GithubT;
			productName = GithubT;
			productReference = A2B0C1D218C7BEE200848AA1 /* GithubT.app */;
			productType = "com.apple.product-type.application";
		};
		A2B0C1F218C7BEE200848AA1 /* GithubTTests */ = {
			isa = PBXNativeTarget;
			buildConfigurationList = A2B0C20718C7BEE200848AA1 /* Build configuration list for PBXNativeTarget "GithubTTests" */;
			buildPhases = (
				A2B0C1EF18C7BEE200848AA1 /* Sources */,
				A2B0C1F018C7BEE200848AA1 /* Frameworks */,
				A2B0C1F118C7BEE200848AA1 /* Resources */,
			);
			buildRules = (
			);
			dependencies = (
				A2B0C1F918C7BEE200848AA1 /* PBXTargetDependency */,
			);
			name = GithubTTests;
			productName = GithubTTests;
			productReference = A2B0C1F318C7BEE200848AA1 /* GithubTTests.xctest */;
			productType = "com.apple.product-type.bundle.unit-test";
		};
/* End PBXNativeTarget section */

/* Begin PBXProject section */
		A2B0C1CA18C7BEE200848AA1 /* Project object */ = {
			isa = PBXProject;
			attributes = {
				CLASSPREFIX = RayT;
				LastUpgradeCheck = 0500;
				ORGANIZATIONNAME = Wen;
				TargetAttributes = {
					A2B0C1F218C7BEE200848AA1 = {
						TestTargetID = A2B0C1D118C7BEE200848AA1;
					};
				};
			};
			buildConfigurationList = A2B0C1CD18C7BEE200848AA1 /* Build configuration list for PBXProject "GithubT" */;
			compatibilityVersion = "Xcode 3.2";
			developmentRegion = English;
			hasScannedForEncodings = 0;
			knownRegions = (
				en,
				Base,
			);
			mainGroup = A2B0C1C918C7BEE200848AA1;
			productRefGroup = A2B0C1D318C7BEE200848AA1 /* Products */;
			projectDirPath = "";
			projectRoot = "";
			targets = (
				A2B0C1D118C7BEE200848AA1 /* GithubT */,
				A2B0C1F218C7BEE200848AA1 /* GithubTTests */,
			);
		};
/* End PBXProject section */

/* Begin PBXResourcesBuildPhase section */
		A2B0C1D018C7BEE200848AA1 /* Resources */ = {
			isa = PBXResourcesBuildPhase;
			buildActionMask = 2147483647;
			files = (
				A2B0C1EE18C7BEE200848AA1 /* Images.xcassets in Resources */,
				A2B0C1E018C7BEE200848AA1 /* InfoPlist.strings in Resources */,
				A2B0C1E918C7BEE200848AA1 /* Main.storyboard in Resources */,
			);
			runOnlyForDeploymentPostprocessing = 0;
		};
		A2B0C1F118C7BEE200848AA1 /* Resources */ = {
			isa = PBXResourcesBuildPhase;
			buildActionMask = 2147483647;
			files = (
				A2B0C1FF18C7BEE200848AA1 /* InfoPlist.strings in Resources */,
			);
			runOnlyForDeploymentPostprocessing = 0;
		};
/* End PBXResourcesBuildPhase section */

/* Begin PBXSourcesBuildPhase section */
		A2B0C1CE18C7BEE200848AA1 /* Sources */ = {
			isa = PBXSourcesBuildPhase;
			buildActionMask = 2147483647;
			files = (
				A2B0C1E618C7BEE200848AA1 /* RayTAppDelegate.m in Sources */,
				A2B0C1EC18C7BEE200848AA1 /* RayTViewController.m in Sources */,
				A2B0C1E218C7BEE200848AA1 /* main.m in Sources */,
			);
			runOnlyForDeploymentPostprocessing = 0;
		};
		A2B0C1EF18C7BEE200848AA1 /* Sources */ = {
			isa = PBXSourcesBuildPhase;
			buildActionMask = 2147483647;
			files = (
				A2B0C20118C7BEE200848AA1 /* GithubTTests.m in Sources */,
			);
			runOnlyForDeploymentPostprocessing = 0;
		};
/* End PBXSourcesBuildPhase section */

/* Begin PBXTargetDependency section */
		A2B0C1F918C7BEE200848AA1 /* PBXTargetDependency */ = {
			isa = PBXTargetDependency;
			target = A2B0C1D118C7BEE200848AA1 /* GithubT */;
			targetProxy = A2B0C1F818C7BEE200848AA1 /* PBXContainerItemProxy */;
		};
/* End PBXTargetDependency section */

/* Begin PBXVariantGroup section */
		A2B0C1DE18C7BEE200848AA1 /* InfoPlist.strings */ = {
			isa = PBXVariantGroup;
			children = (
				A2B0C1DF18C7BEE200848AA1 /* en */,
			);
			name = InfoPlist.strings;
			sourceTree = "<group>";
		};
		A2B0C1E718C7BEE200848AA1 /* Main.storyboard */ = {
			isa = PBXVariantGroup;
			children = (
				A2B0C1E818C7BEE200848AA1 /* Base */,
			);
			name = Main.storyboard;
			sourceTree = "<group>";
		};
		A2B0C1FD18C7BEE200848AA1 /* InfoPlist.strings */ = {
			isa = PBXVariantGroup;
			children = (
				A2B0C1FE18C7BEE200848AA1 /* en */,
			);
			name = InfoPlist.strings;
			sourceTree = "<group>";
		};
/* End PBXVariantGroup section */

/* Begin XCBuildConfiguration section */
		A2B0C20218C7BEE200848AA1 /* Debug */ = {
			isa = XCBuildConfiguration;
			buildSettings = {
				ALWAYS_SEARCH_USER_PATHS = NO;
				ARCHS = "$(ARCHS_STANDARD_INCLUDING_64_BIT)";
				CLANG_CXX_LANGUAGE_STANDARD = "gnu++0x";
				CLANG_CXX_LIBRARY = "libc++";
				CLANG_ENABLE_MODULES = YES;
				CLANG_ENABLE_OBJC_ARC = YES;
				CLANG_WARN_BOOL_CONVERSION = YES;
				CLANG_WARN_CONSTANT_CONVERSION = YES;
				CLANG_WARN_DIRECT_OBJC_ISA_USAGE = YES_ERROR;
				CLANG_WARN_EMPTY_BODY = YES;
				CLANG_WARN_ENUM_CONVERSION = YES;
				CLANG_WARN_INT_CONVERSION = YES;
				CLANG_WARN_OBJC_ROOT_CLASS = YES_ERROR;
				CLANG_WARN__DUPLICATE_METHOD_MATCH = YES;
				"CODE_SIGN_IDENTITY[sdk=iphoneos*]" = "iPhone Developer";
				COPY_PHASE_STRIP = NO;
				GCC_C_LANGUAGE_STANDARD = gnu99;
				GCC_DYNAMIC_NO_PIC = NO;
				GCC_OPTIMIZATION_LEVEL = 0;
				GCC_PREPROCESSOR_DEFINITIONS = (
					"DEBUG=1",
					"$(inherited)",
				);
				GCC_SYMBOLS_PRIVATE_EXTERN = NO;
				GCC_WARN_64_TO_32_BIT_CONVERSION = YES;
				GCC_WARN_ABOUT_RETURN_TYPE = YES_ERROR;
				GCC_WARN_UNDECLARED_SELECTOR = YES;
				GCC_WARN_UNINITIALIZED_AUTOS = YES;
				GCC_WARN_UNUSED_FUNCTION = YES;
				GCC_WARN_UNUSED_VARIABLE = YES;
				IPHONEOS_DEPLOYMENT_TARGET = 7.0;
				ONLY_ACTIVE_ARCH = YES;
				SDKROOT = iphoneos;
			};
			name = Debug;
		};
		A2B0C20318C7BEE200848AA1 /* Release */ = {
			isa = XCBuildConfiguration;
			buildSettings = {
				ALWAYS_SEARCH_USER_PATHS = NO;
				ARCHS = "$(ARCHS_STANDARD_INCLUDING_64_BIT)";
				CLANG_CXX_LANGUAGE_STANDARD = "gnu++0x";
				CLANG_CXX_LIBRARY = "libc++";
				CLANG_ENABLE_MODULES = YES;
				CLANG_ENABLE_OBJC_ARC = YES;
				CLANG_WARN_BOOL_CONVERSION = YES;
				CLANG_WARN_CONSTANT_CONVERSION = YES;
				CLANG_WARN_DIRECT_OBJC_ISA_USAGE = YES_ERROR;
				CLANG_WARN_EMPTY_BODY = YES;
				CLANG_WARN_ENUM_CONVERSION = YES;
				CLANG_WARN_INT_CONVERSION = YES;
				CLANG_WARN_OBJC_ROOT_CLASS = YES_ERROR;
				CLANG_WARN__DUPLICATE_METHOD_MATCH = YES;
				"CODE_SIGN_IDENTITY[sdk=iphoneos*]" = "iPhone Developer";
				COPY_PHASE_STRIP = YES;
				ENABLE_NS_ASSERTIONS = NO;
				GCC_C_LANGUAGE_STANDARD = gnu99;
				GCC_WARN_64_TO_32_BIT_CONVERSION = YES;
				GCC_WARN_ABOUT_RETURN_TYPE = YES_ERROR;
				GCC_WARN_UNDECLARED_SELECTOR = YES;
				GCC_WARN_UNINITIALIZED_AUTOS = YES;
				GCC_WARN_UNUSED_FUNCTION = YES;
				GCC_WARN_UNUSED_VARIABLE = YES;
				IPHONEOS_DEPLOYMENT_TARGET = 7.0;
				SDKROOT = iphoneos;
				VALIDATE_PRODUCT = YES;
			};
			name = Release;
		};
		A2B0C20518C7BEE200848AA1 /* Debug */ = {
			isa = XCBuildConfiguration;
			buildSettings = {
				ASSETCATALOG_COMPILER_APPICON_NAME = AppIcon;
				ASSETCATALOG_COMPILER_LAUNCHIMAGE_NAME = LaunchImage;
				GCC_PRECOMPILE_PREFIX_HEADER = YES;
				GCC_PREFIX_HEADER = "GithubT/GithubT-Prefix.pch";
				INFOPLIST_FILE = "GithubT/GithubT-Info.plist";
				PRODUCT_NAME = "$(TARGET_NAME)";
				WRAPPER_EXTENSION = app;
			};
			name = Debug;
		};
		A2B0C20618C7BEE200848AA1 /* Release */ = {
			isa = XCBuildConfiguration;
			buildSettings = {
				ASSETCATALOG_COMPILER_APPICON_NAME = AppIcon;
				ASSETCATALOG_COMPILER_LAUNCHIMAGE_NAME = LaunchImage;
				GCC_PRECOMPILE_PREFIX_HEADER = YES;
				GCC_PREFIX_HEADER = "GithubT/GithubT-Prefix.pch";
				INFOPLIST_FILE = "GithubT/GithubT-Info.plist";
				PRODUCT_NAME = "$(TARGET_NAME)";
				WRAPPER_EXTENSION = app;
			};
			name = Release;
		};
		A2B0C20818C7BEE200848AA1 /* Debug */ = {
			isa = XCBuildConfiguration;
			buildSettings = {
				ARCHS = "$(ARCHS_STANDARD_INCLUDING_64_BIT)";
				BUNDLE_LOADER = "$(BUILT_PRODUCTS_DIR)/GithubT.app/GithubT";
				FRAMEWORK_SEARCH_PATHS = (
					"$(SDKROOT)/Developer/Library/Frameworks",
					"$(inherited)",
					"$(DEVELOPER_FRAMEWORKS_DIR)",
				);
				GCC_PRECOMPILE_PREFIX_HEADER = YES;
				GCC_PREFIX_HEADER = "GithubT/GithubT-Prefix.pch";
				GCC_PREPROCESSOR_DEFINITIONS = (
					"DEBUG=1",
					"$(inherited)",
				);
				INFOPLIST_FILE = "GithubTTests/GithubTTests-Info.plist";
				PRODUCT_NAME = "$(TARGET_NAME)";
				TEST_HOST = "$(BUNDLE_LOADER)";
				WRAPPER_EXTENSION = xctest;
			};
			name = Debug;
		};
		A2B0C20918C7BEE200848AA1 /* Release */ = {
			isa = XCBuildConfiguration;
			buildSettings = {
				ARCHS = "$(ARCHS_STANDARD_INCLUDING_64_BIT)";
				BUNDLE_LOADER = "$(BUILT_PRODUCTS_DIR)/GithubT.app/GithubT";
				FRAMEWORK_SEARCH_PATHS = (
					"$(SDKROOT)/Developer/Library/Frameworks",
					"$(inherited)",
					"$(DEVELOPER_FRAMEWORKS_DIR)",
				);
				GCC_PRECOMPILE_PREFIX_HEADER = YES;
				GCC_PREFIX_HEADER = "GithubT/GithubT-Prefix.pch";
				INFOPLIST_FILE = "GithubTTests/GithubTTests-Info.plist";
				PRODUCT_NAME = "$(TARGET_NAME)";
				TEST_HOST = "$(BUNDLE_LOADER)";
				WRAPPER_EXTENSION = xctest;
			};
			name = Release;
		};
/* End XCBuildConfiguration section */

/* Begin XCConfigurationList section */
		A2B0C1CD18C7BEE200848AA1 /* Build configuration list for PBXProject "GithubT" */ = {
			isa = XCConfigurationList;
			buildConfigurations = (
				A2B0C20218C7BEE200848AA1 /* Debug */,
				A2B0C20318C7BEE200848AA1 /* Release */,
			);
			defaultConfigurationIsVisible = 0;
			defaultConfigurationName = Release;
		};
		A2B0C20418C7BEE200848AA1 /* Build configuration list for PBXNativeTarget "GithubT" */ = {
			isa = XCConfigurationList;
			buildConfigurations = (
				A2B0C20518C7BEE200848AA1 /* Debug */,
				A2B0C20618C7BEE200848AA1 /* Release */,
			);
			defaultConfigurationIsVisible = 0;
		};
		A2B0C20718C7BEE200848AA1 /* Build configuration list for PBXNativeTarget "GithubTTests" */ = {
			isa = XCConfigurationList;
			buildConfigurations = (
				A2B0C20818C7BEE200848AA1 /* Debug */,
				A2B0C20918C7BEE200848AA1 /* Release */,
			);
			defaultConfigurationIsVisible = 0;
		};
/* End XCConfigurationList section */
	};
	rootObject = A2B0C1CA18C7BEE200848AA1 /* Project object */;
}
